
Microsoft Visual Studio Solution File, Format Version 12.00
# Visual Studio Version 16
VisualStudioVersion = 16.0.29709.97
MinimumVisualStudioVersion = 10.0.40219.1
Project("{FAE04EC0-301F-11D3-BF4B-00C04F79EFBC}") = "BlazorApp1", "BlazorApp1\BlazorApp1.csproj", "{DECCDBD1-E6E8-4E4F-B09D-4F58BAD2B9FE}"
EndProject
Global
	GlobalSection(SolutionConfigurationPlatforms) = preSolution
		Debug|Any CPU = Debug|Any CPU
		Release|Any CPU = Release|Any CPU
	EndGlobalSection
	GlobalSection(ProjectConfigurationPlatforms) = postSolution
		{DECCDBD1-E6E8-4E4F-B09D-4F58BAD2B9FE}.Debug|Any CPU.ActiveCfg = Debug|Any CPU
		{DECCDBD1-E6E8-4E4F-B09D-4F58BAD2B9FE}.Debug|Any CPU.Build.0 = Debug|Any CPU
		{DECCDBD1-E6E8-4E4F-B09D-4F58BAD2B9FE}.Release|Any CPU.ActiveCfg = Release|Any CPU
		{DECCDBD1-E6E8-4E4F-B09D-4F58BAD2B9FE}.Release|Any CPU.Build.0 = Release|Any CPU
	EndGlobalSection
	GlobalSection(SolutionProperties) = preSolution
		HideSolutionNode = FALSE
	EndGlobalSection
	GlobalSection(ExtensibilityGlobals) = postSolution
		SolutionGuid = {BA90B7D1-2840-4E52-B1F2-B59707744D44}
	EndGlobalSection
EndGlobal
